
Microsoft Visual Studio Solution File, Format Version 12.00
# Visual Studio Version 17
VisualStudioVersion = 17.5.002.0
MinimumVisualStudioVersion = 10.0.40219.1
Project("{FAE04EC0-301F-11D3-BF4B-00C04F79EFBC}") = "RubySharp", "RubySharp\RubySharp.csproj", "{48F38001-6B3B-4C53-A455-741BDBCB98E9}"
EndProject
Project("{FAE04EC0-301F-11D3-BF4B-00C04F79EFBC}") = "RubySharp.Sample", "RubySharp.Sample\RubySharp.Sample.csproj", "{C5528085-DBAD-4608-8FB9-8239B1BE124B}"
EndProject
Project("{2150E333-8FDC-42A3-9474-1A3956D46DE8}") = "mruby", "mruby", "{01CF812A-D0D1-4549-86D5-DE499A2E40CA}"
	ProjectSection(SolutionItems) = preProject
		..\src_mruby\build_config.rb = ..\src_mruby\build_config.rb
		..\src_mruby\mruby.def = ..\src_mruby\mruby.def
		..\src_mruby\mruby_sharp.c = ..\src_mruby\mruby_sharp.c
		..\src_mruby\mruby_sharp.h = ..\src_mruby\mruby_sharp.h
	EndProjectSection
EndProject
Global
	GlobalSection(SolutionConfigurationPlatforms) = preSolution
		Debug|Any CPU = Debug|Any CPU
		Release|Any CPU = Release|Any CPU
	EndGlobalSection
	GlobalSection(ProjectConfigurationPlatforms) = postSolution
		{48F38001-6B3B-4C53-A455-741BDBCB98E9}.Debug|Any CPU.ActiveCfg = Debug|Any CPU
		{48F38001-6B3B-4C53-A455-741BDBCB98E9}.Debug|Any CPU.Build.0 = Debug|Any CPU
		{48F38001-6B3B-4C53-A455-741BDBCB98E9}.Release|Any CPU.ActiveCfg = Debug|Any CPU
		{48F38001-6B3B-4C53-A455-741BDBCB98E9}.Release|Any CPU.Build.0 = Debug|Any CPU
		{C5528085-DBAD-4608-8FB9-8239B1BE124B}.Debug|Any CPU.ActiveCfg = Debug|Any CPU
		{C5528085-DBAD-4608-8FB9-8239B1BE124B}.Debug|Any CPU.Build.0 = Debug|Any CPU
		{C5528085-DBAD-4608-8FB9-8239B1BE124B}.Release|Any CPU.ActiveCfg = Release|Any CPU
		{C5528085-DBAD-4608-8FB9-8239B1BE124B}.Release|Any CPU.Build.0 = Release|Any CPU
	EndGlobalSection
	GlobalSection(SolutionProperties) = preSolution
		HideSolutionNode = FALSE
	EndGlobalSection
	GlobalSection(ExtensibilityGlobals) = postSolution
		SolutionGuid = {04B06790-A1AB-4188-A738-2E9419FF8C3E}
	EndGlobalSection
EndGlobal
